
Microsoft Visual Studio Solution File, Format Version 12.00
Project("{FAE04EC0-301F-11D3-BF4B-00C04F79EFBC}") = "BarcodeScanner.App", "BarcodeScanner.App\BarcodeScanner.App.csproj", "{33CE2DDD-8439-43D8-9CF7-42D87311EF53}"
EndProject
Project("{FAE04EC0-301F-11D3-BF4B-00C04F79EFBC}") = "BarcodeDecodeFrontend", "BarcodeDecodeFrontend\BarcodeDecodeFrontend.csproj", "{8F552CAC-CB44-4EB8-86EC-56D07858EA2A}"
EndProject
Project("{FAE04EC0-301F-11D3-BF4B-00C04F79EFBC}") = "BarcodeDecodeLib", "BarcodeDecodeLib\BarcodeDecodeLib.csproj", "{4205EAE4-FCE3-4C8E-878F-A8A6CD6BF6A8}"
EndProject
Project("{FAE04EC0-301F-11D3-BF4B-00C04F79EFBC}") = "BarcodeDecodeDataAccess", "BarcodeDecodeDataAccess\BarcodeDecodeDataAccess.csproj", "{03162007-2F63-4848-A2F1-362BBCD188B8}"
EndProject
Global
	GlobalSection(SolutionConfigurationPlatforms) = preSolution
		Debug|Any CPU = Debug|Any CPU
		Release|Any CPU = Release|Any CPU
	EndGlobalSection
	GlobalSection(ProjectConfigurationPlatforms) = postSolution
		{33CE2DDD-8439-43D8-9CF7-42D87311EF53}.Debug|Any CPU.ActiveCfg = Debug|Any CPU
		{33CE2DDD-8439-43D8-9CF7-42D87311EF53}.Debug|Any CPU.Build.0 = Debug|Any CPU
		{33CE2DDD-8439-43D8-9CF7-42D87311EF53}.Release|Any CPU.ActiveCfg = Release|Any CPU
		{33CE2DDD-8439-43D8-9CF7-42D87311EF53}.Release|Any CPU.Build.0 = Release|Any CPU
		{8F552CAC-CB44-4EB8-86EC-56D07858EA2A}.Debug|Any CPU.ActiveCfg = Debug|Any CPU
		{8F552CAC-CB44-4EB8-86EC-56D07858EA2A}.Debug|Any CPU.Build.0 = Debug|Any CPU
		{8F552CAC-CB44-4EB8-86EC-56D07858EA2A}.Release|Any CPU.ActiveCfg = Release|Any CPU
		{8F552CAC-CB44-4EB8-86EC-56D07858EA2A}.Release|Any CPU.Build.0 = Release|Any CPU
		{4205EAE4-FCE3-4C8E-878F-A8A6CD6BF6A8}.Debug|Any CPU.ActiveCfg = Debug|Any CPU
		{4205EAE4-FCE3-4C8E-878F-A8A6CD6BF6A8}.Debug|Any CPU.Build.0 = Debug|Any CPU
		{4205EAE4-FCE3-4C8E-878F-A8A6CD6BF6A8}.Release|Any CPU.ActiveCfg = Release|Any CPU
		{4205EAE4-FCE3-4C8E-878F-A8A6CD6BF6A8}.Release|Any CPU.Build.0 = Release|Any CPU
		{03162007-2F63-4848-A2F1-362BBCD188B8}.Debug|Any CPU.ActiveCfg = Debug|Any CPU
		{03162007-2F63-4848-A2F1-362BBCD188B8}.Debug|Any CPU.Build.0 = Debug|Any CPU
		{03162007-2F63-4848-A2F1-362BBCD188B8}.Release|Any CPU.ActiveCfg = Release|Any CPU
		{03162007-2F63-4848-A2F1-362BBCD188B8}.Release|Any CPU.Build.0 = Release|Any CPU
	EndGlobalSection
EndGlobal
